{
    "_meta": {
        "hash": {
            "sha256": ""
        },
        "pipfile-spec": 6,
        "requires": {
            "python_version": "3.10"
        }
    },
    "default": {
        "rich": {
            "version": "==15.0.0"
        },
        "pytest": {
            "version": "==9.0.3"
        }
    },
    "develop": {}
}
